
Microsoft Visual Studio Solution File, Format Version 12.00
# Visual Studio Version 16
VisualStudioVersion = 16.0.36107.64
MinimumVisualStudioVersion = 10.0.40219.1
Project("{FAE04EC0-301F-11D3-BF4B-00C04F79EFBC}") = "Rozwiazanie", "Rozwiazanie.csproj", "{2EE785A4-0C88-4DE0-A9E2-380C19498025}"
EndProject
Global
	GlobalSection(SolutionConfigurationPlatforms) = preSolution
		Debug|Any CPU = Debug|Any CPU
		Release|Any CPU = Release|Any CPU
	EndGlobalSection
	GlobalSection(ProjectConfigurationPlatforms) = postSolution
		{2EE785A4-0C88-4DE0-A9E2-380C19498025}.Debug|Any CPU.ActiveCfg = Debug|Any CPU
		{2EE785A4-0C88-4DE0-A9E2-380C19498025}.Debug|Any CPU.Build.0 = Debug|Any CPU
		{2EE785A4-0C88-4DE0-A9E2-380C19498025}.Release|Any CPU.ActiveCfg = Release|Any CPU
		{2EE785A4-0C88-4DE0-A9E2-380C19498025}.Release|Any CPU.Build.0 = Release|Any CPU
	EndGlobalSection
	GlobalSection(SolutionProperties) = preSolution
		HideSolutionNode = FALSE
	EndGlobalSection
	GlobalSection(ExtensibilityGlobals) = postSolution
		SolutionGuid = {85EE5639-FDAE-426A-BE26-F8DD1B675D22}
	EndGlobalSection
EndGlobal
