
Microsoft Visual Studio Solution File, Format Version 12.00
# Visual Studio Version 16
VisualStudioVersion = 16.0.35425.106
MinimumVisualStudioVersion = 10.0.40219.1
Project("{FAE04EC0-301F-11D3-BF4B-00C04F79EFBC}") = "WpfApp1", "WpfApp1.csproj", "{83A2AF83-8C11-404A-AC14-110E1A3228BD}"
EndProject
Global
	GlobalSection(SolutionConfigurationPlatforms) = preSolution
		Debug|Any CPU = Debug|Any CPU
		Release|Any CPU = Release|Any CPU
	EndGlobalSection
	GlobalSection(ProjectConfigurationPlatforms) = postSolution
		{83A2AF83-8C11-404A-AC14-110E1A3228BD}.Debug|Any CPU.ActiveCfg = Debug|Any CPU
		{83A2AF83-8C11-404A-AC14-110E1A3228BD}.Debug|Any CPU.Build.0 = Debug|Any CPU
		{83A2AF83-8C11-404A-AC14-110E1A3228BD}.Release|Any CPU.ActiveCfg = Release|Any CPU
		{83A2AF83-8C11-404A-AC14-110E1A3228BD}.Release|Any CPU.Build.0 = Release|Any CPU
	EndGlobalSection
	GlobalSection(SolutionProperties) = preSolution
		HideSolutionNode = FALSE
	EndGlobalSection
	GlobalSection(ExtensibilityGlobals) = postSolution
		SolutionGuid = {832BF961-44F7-461A-94C8-73B751037EBB}
	EndGlobalSection
EndGlobal
